
Microsoft Visual Studio Solution File, Format Version 12.00
# Visual Studio Version 17
VisualStudioVersion = 17.13.35931.197 d17.13
MinimumVisualStudioVersion = 10.0.40219.1
Project("{FAE04EC0-301F-11D3-BF4B-00C04F79EFBC}") = "Hospital_test02", "Hospital_test02\Hospital_test02.csproj", "{AA80BAB9-18B4-4A7A-8091-DD41072391D1}"
EndProject
Global
	GlobalSection(SolutionConfigurationPlatforms) = preSolution
		Debug|Any CPU = Debug|Any CPU
		Release|Any CPU = Release|Any CPU
	EndGlobalSection
	GlobalSection(ProjectConfigurationPlatforms) = postSolution
		{AA80BAB9-18B4-4A7A-8091-DD41072391D1}.Debug|Any CPU.ActiveCfg = Debug|Any CPU
		{AA80BAB9-18B4-4A7A-8091-DD41072391D1}.Debug|Any CPU.Build.0 = Debug|Any CPU
		{AA80BAB9-18B4-4A7A-8091-DD41072391D1}.Release|Any CPU.ActiveCfg = Release|Any CPU
		{AA80BAB9-18B4-4A7A-8091-DD41072391D1}.Release|Any CPU.Build.0 = Release|Any CPU
	EndGlobalSection
	GlobalSection(SolutionProperties) = preSolution
		HideSolutionNode = FALSE
	EndGlobalSection
	GlobalSection(ExtensibilityGlobals) = postSolution
		SolutionGuid = {5A70417C-4563-4347-8431-AF2002F15CA0}
	EndGlobalSection
EndGlobal
